{
  "pins" : [
    {
      "identity" : "kingfisher",
      "kind" : "remoteSourceControl",
      "location" : "https://github.com/onevcat/Kingfisher.git",
      "state" : {
        "revision" : "5b92f029fab2cce44386d28588098b5be0824ef5",
        "version" : "7.11.0"
      }
    },
    {
      "identity" : "nvactivityindicatorview",
      "kind" : "remoteSourceControl",
      "location" : "https://github.com/ninjaprox/NVActivityIndicatorView.git",
      "state" : {
        "revision" : "bcb52371f2259254bac6690f92bb474a61768c47",
        "version" : "5.1.1"
      }
    },
    {
      "identity" : "snapkit",
      "kind" : "remoteSourceControl",
      "location" : "https://github.com/SnapKit/SnapKit.git",
      "state" : {
        "revision" : "2842e6e84e82eb9a8dac0100ca90d9444b0307f4",
        "version" : "5.7.1"
      }
    }
  ],
  "version" : 2
}
