// !$*UTF8*$!
{
	archiveVersion = 1;
	classes = {
	};
	objectVersion = 56;
	objects = {

/* Begin PBXBuildFile section */
		F45462282BA5912700D433F2 /* EmployeeErrorLoadView.swift in Sources */ = {isa = PBXBuildFile; fileRef = F45462272BA5912700D433F2 /* EmployeeErrorLoadView.swift */; };
		F4BC8BC72B964DBC00C542DD /* AppDelegate.swift in Sources */ = {isa = PBXBuildFile; fileRef = F4BC8BC62B964DBC00C542DD /* AppDelegate.swift */; };
		F4BC8BC92B964DBC00C542DD /* SceneDelegate.swift in Sources */ = {isa = PBXBuildFile; fileRef = F4BC8BC82B964DBC00C542DD /* SceneDelegate.swift */; };
		F4BC8BD02B964DBF00C542DD /* Assets.xcassets in Resources */ = {isa = PBXBuildFile; fileRef = F4BC8BCF2B964DBF00C542DD /* Assets.xcassets */; };
		F4BC8BD32B964DBF00C542DD /* LaunchScreen.storyboard in Resources */ = {isa = PBXBuildFile; fileRef = F4BC8BD12B964DBF00C542DD /* LaunchScreen.storyboard */; };
		F4BC8BDF2B9650B500C542DD /* Employee.swift in Sources */ = {isa = PBXBuildFile; fileRef = F4BC8BDE2B9650B500C542DD /* Employee.swift */; };
		F4BC8BE12B9650E900C542DD /* EmployeesResponse.swift in Sources */ = {isa = PBXBuildFile; fileRef = F4BC8BE02B9650E900C542DD /* EmployeesResponse.swift */; };
		F4BC8BE32B96515200C542DD /* EmployeeListVC.swift in Sources */ = {isa = PBXBuildFile; fileRef = F4BC8BE22B96515200C542DD /* EmployeeListVC.swift */; };
		F4BC8BE82B96586900C542DD /* SnapKit in Frameworks */ = {isa = PBXBuildFile; productRef = F4BC8BE72B96586900C542DD /* SnapKit */; };
		F4BC8BEB2B965B6300C542DD /* APIManager.swift in Sources */ = {isa = PBXBuildFile; fileRef = F4BC8BEA2B965B6300C542DD /* APIManager.swift */; };
		F4BC8BEE2B96982000C542DD /* Kingfisher in Frameworks */ = {isa = PBXBuildFile; productRef = F4BC8BED2B96982000C542DD /* Kingfisher */; };
		F4BC8BF02B969FEF00C542DD /* EmployeeTableViewCell.swift in Sources */ = {isa = PBXBuildFile; fileRef = F4BC8BEF2B969FEF00C542DD /* EmployeeTableViewCell.swift */; };
		F4BC8BF22B972C6600C542DD /* EmployeeListViewModel.swift in Sources */ = {isa = PBXBuildFile; fileRef = F4BC8BF12B972C6600C542DD /* EmployeeListViewModel.swift */; };
		F4BC8C002B9F15FF00C542DD /* EmployeeHorizontalCategoriesCollectionViewCell.swift in Sources */ = {isa = PBXBuildFile; fileRef = F4BC8BFF2B9F15FF00C542DD /* EmployeeHorizontalCategoriesCollectionViewCell.swift */; };
		F4BC8C022BA068D100C542DD /* EmployeeTableViewCellViewModel.swift in Sources */ = {isa = PBXBuildFile; fileRef = F4BC8C012BA068D100C542DD /* EmployeeTableViewCellViewModel.swift */; };
		F4BC8C042BA06E4900C542DD /* EmployeeHorizontalCategoriesCellViewModel.swift in Sources */ = {isa = PBXBuildFile; fileRef = F4BC8C032BA06E4900C542DD /* EmployeeHorizontalCategoriesCellViewModel.swift */; };
		F4BC8C062BA0826200C542DD /* EmployeeFiltersModalVC.swift in Sources */ = {isa = PBXBuildFile; fileRef = F4BC8C052BA0826200C542DD /* EmployeeFiltersModalVC.swift */; };
		F4BC8C092BA1A34D00C542DD /* UIImage.swift in Sources */ = {isa = PBXBuildFile; fileRef = F4BC8C082BA1A34D00C542DD /* UIImage.swift */; };
		F4BC8C0B2BA2583000C542DD /* EmployeeFiltersModalViewModel.swift in Sources */ = {isa = PBXBuildFile; fileRef = F4BC8C0A2BA2583000C542DD /* EmployeeFiltersModalViewModel.swift */; };
		F4BC8C132BA4933700C542DD /* EmployeeDetailVC.swift in Sources */ = {isa = PBXBuildFile; fileRef = F4BC8C122BA4933700C542DD /* EmployeeDetailVC.swift */; };
		F4BC8C162BA4944800C542DD /* EmployeeProfileView.swift in Sources */ = {isa = PBXBuildFile; fileRef = F4BC8C152BA4944800C542DD /* EmployeeProfileView.swift */; };
		F4BC8C182BA4947C00C542DD /* EmployeeDateOfBirthView.swift in Sources */ = {isa = PBXBuildFile; fileRef = F4BC8C172BA4947C00C542DD /* EmployeeDateOfBirthView.swift */; };
		F4BC8C1A2BA494AA00C542DD /* EmployeePhoneNumberView.swift in Sources */ = {isa = PBXBuildFile; fileRef = F4BC8C192BA494AA00C542DD /* EmployeePhoneNumberView.swift */; };
		F4BC8C1C2BA49E2E00C542DD /* DateFormat.swift in Sources */ = {isa = PBXBuildFile; fileRef = F4BC8C1B2BA49E2D00C542DD /* DateFormat.swift */; };
/* End PBXBuildFile section */

/* Begin PBXFileReference section */
		F45462272BA5912700D433F2 /* EmployeeErrorLoadView.swift */ = {isa = PBXFileReference; lastKnownFileType = sourcecode.swift; path = EmployeeErrorLoadView.swift; sourceTree = "<group>"; };
		F4BC8BC32B964DBC00C542DD /* TestAppForJob.app */ = {isa = PBXFileReference; explicitFileType = wrapper.application; includeInIndex = 0; path = TestAppForJob.app; sourceTree = BUILT_PRODUCTS_DIR; };
		F4BC8BC62B964DBC00C542DD /* AppDelegate.swift */ = {isa = PBXFileReference; lastKnownFileType = sourcecode.swift; path = AppDelegate.swift; sourceTree = "<group>"; };
		F4BC8BC82B964DBC00C542DD /* SceneDelegate.swift */ = {isa = PBXFileReference; lastKnownFileType = sourcecode.swift; path = SceneDelegate.swift; sourceTree = "<group>"; };
		F4BC8BCF2B964DBF00C542DD /* Assets.xcassets */ = {isa = PBXFileReference; lastKnownFileType = folder.assetcatalog; path = Assets.xcassets; sourceTree = "<group>"; };
		F4BC8BD22B964DBF00C542DD /* Base */ = {isa = PBXFileReference; lastKnownFileType = file.storyboard; name = Base; path = Base.lproj/LaunchScreen.storyboard; sourceTree = "<group>"; };
		F4BC8BD42B964DBF00C542DD /* Info.plist */ = {isa = PBXFileReference; lastKnownFileType = text.plist.xml; path = Info.plist; sourceTree = "<group>"; };
		F4BC8BDE2B9650B500C542DD /* Employee.swift */ = {isa = PBXFileReference; lastKnownFileType = sourcecode.swift; path = Employee.swift; sourceTree = "<group>"; };
		F4BC8BE02B9650E900C542DD /* EmployeesResponse.swift */ = {isa = PBXFileReference; lastKnownFileType = sourcecode.swift; path = EmployeesResponse.swift; sourceTree = "<group>"; };
		F4BC8BE22B96515200C542DD /* EmployeeListVC.swift */ = {isa = PBXFileReference; lastKnownFileType = sourcecode.swift; path = EmployeeListVC.swift; sourceTree = "<group>"; };
		F4BC8BEA2B965B6300C542DD /* APIManager.swift */ = {isa = PBXFileReference; lastKnownFileType = sourcecode.swift; path = APIManager.swift; sourceTree = "<group>"; };
		F4BC8BEF2B969FEF00C542DD /* EmployeeTableViewCell.swift */ = {isa = PBXFileReference; lastKnownFileType = sourcecode.swift; path = EmployeeTableViewCell.swift; sourceTree = "<group>"; };
		F4BC8BF12B972C6600C542DD /* EmployeeListViewModel.swift */ = {isa = PBXFileReference; lastKnownFileType = sourcecode.swift; path = EmployeeListViewModel.swift; sourceTree = "<group>"; };
		F4BC8BFF2B9F15FF00C542DD /* EmployeeHorizontalCategoriesCollectionViewCell.swift */ = {isa = PBXFileReference; lastKnownFileType = sourcecode.swift; path = EmployeeHorizontalCategoriesCollectionViewCell.swift; sourceTree = "<group>"; };
		F4BC8C012BA068D100C542DD /* EmployeeTableViewCellViewModel.swift */ = {isa = PBXFileReference; lastKnownFileType = sourcecode.swift; path = EmployeeTableViewCellViewModel.swift; sourceTree = "<group>"; };
		F4BC8C032BA06E4900C542DD /* EmployeeHorizontalCategoriesCellViewModel.swift */ = {isa = PBXFileReference; lastKnownFileType = sourcecode.swift; path = EmployeeHorizontalCategoriesCellViewModel.swift; sourceTree = "<group>"; };
		F4BC8C052BA0826200C542DD /* EmployeeFiltersModalVC.swift */ = {isa = PBXFileReference; lastKnownFileType = sourcecode.swift; path = EmployeeFiltersModalVC.swift; sourceTree = "<group>"; };
		F4BC8C082BA1A34D00C542DD /* UIImage.swift */ = {isa = PBXFileReference; lastKnownFileType = sourcecode.swift; path = UIImage.swift; sourceTree = "<group>"; };
		F4BC8C0A2BA2583000C542DD /* EmployeeFiltersModalViewModel.swift */ = {isa = PBXFileReference; lastKnownFileType = sourcecode.swift; path = EmployeeFiltersModalViewModel.swift; sourceTree = "<group>"; };
		F4BC8C122BA4933700C542DD /* EmployeeDetailVC.swift */ = {isa = PBXFileReference; lastKnownFileType = sourcecode.swift; path = EmployeeDetailVC.swift; sourceTree = "<group>"; };
		F4BC8C152BA4944800C542DD /* EmployeeProfileView.swift */ = {isa = PBXFileReference; lastKnownFileType = sourcecode.swift; path = EmployeeProfileView.swift; sourceTree = "<group>"; };
		F4BC8C172BA4947C00C542DD /* EmployeeDateOfBirthView.swift */ = {isa = PBXFileReference; lastKnownFileType = sourcecode.swift; path = EmployeeDateOfBirthView.swift; sourceTree = "<group>"; };
		F4BC8C192BA494AA00C542DD /* EmployeePhoneNumberView.swift */ = {isa = PBXFileReference; lastKnownFileType = sourcecode.swift; path = EmployeePhoneNumberView.swift; sourceTree = "<group>"; };
		F4BC8C1B2BA49E2D00C542DD /* DateFormat.swift */ = {isa = PBXFileReference; lastKnownFileType = sourcecode.swift; path = DateFormat.swift; sourceTree = "<group>"; };
/* End PBXFileReference section */

/* Begin PBXFrameworksBuildPhase section */
		F4BC8BC02B964DBC00C542DD /* Frameworks */ = {
			isa = PBXFrameworksBuildPhase;
			buildActionMask = 2147483647;
			files = (
				F4BC8BEE2B96982000C542DD /* Kingfisher in Frameworks */,
				F4BC8BE82B96586900C542DD /* SnapKit in Frameworks */,
			);
			runOnlyForDeploymentPostprocessing = 0;
		};
/* End PBXFrameworksBuildPhase section */

/* Begin PBXGroup section */
		F4BC8BBA2B964DBB00C542DD = {
			isa = PBXGroup;
			children = (
				F4BC8BC52B964DBC00C542DD /* TestAppForJob */,
				F4BC8BC42B964DBC00C542DD /* Products */,
			);
			sourceTree = "<group>";
		};
		F4BC8BC42B964DBC00C542DD /* Products */ = {
			isa = PBXGroup;
			children = (
				F4BC8BC32B964DBC00C542DD /* TestAppForJob.app */,
			);
			name = Products;
			sourceTree = "<group>";
		};
		F4BC8BC52B964DBC00C542DD /* TestAppForJob */ = {
			isa = PBXGroup;
			children = (
				F4BC8BDA2B964EDE00C542DD /* Resources */,
				F4BC8C072BA1A32300C542DD /* Extensions */,
				F4BC8BE92B965B1A00C542DD /* Managers */,
				F4BC8BDB2B964FCA00C542DD /* Models */,
				F4BC8BDD2B964FF600C542DD /* Views */,
				F4BC8BDC2B964FE100C542DD /* ViewModels */,
				F4BC8BD42B964DBF00C542DD /* Info.plist */,
			);
			path = TestAppForJob;
			sourceTree = "<group>";
		};
		F4BC8BDA2B964EDE00C542DD /* Resources */ = {
			isa = PBXGroup;
			children = (
				F4BC8BC62B964DBC00C542DD /* AppDelegate.swift */,
				F4BC8BC82B964DBC00C542DD /* SceneDelegate.swift */,
				F4BC8BCF2B964DBF00C542DD /* Assets.xcassets */,
				F4BC8BD12B964DBF00C542DD /* LaunchScreen.storyboard */,
			);
			path = Resources;
			sourceTree = "<group>";
		};
		F4BC8BDB2B964FCA00C542DD /* Models */ = {
			isa = PBXGroup;
			children = (
				F4BC8BDE2B9650B500C542DD /* Employee.swift */,
				F4BC8BE02B9650E900C542DD /* EmployeesResponse.swift */,
			);
			path = Models;
			sourceTree = "<group>";
		};
		F4BC8BDC2B964FE100C542DD /* ViewModels */ = {
			isa = PBXGroup;
			children = (
				F4BC8BF12B972C6600C542DD /* EmployeeListViewModel.swift */,
				F4BC8C012BA068D100C542DD /* EmployeeTableViewCellViewModel.swift */,
				F4BC8C032BA06E4900C542DD /* EmployeeHorizontalCategoriesCellViewModel.swift */,
				F4BC8C0A2BA2583000C542DD /* EmployeeFiltersModalViewModel.swift */,
			);
			path = ViewModels;
			sourceTree = "<group>";
		};
		F4BC8BDD2B964FF600C542DD /* Views */ = {
			isa = PBXGroup;
			children = (
				F4BC8BE22B96515200C542DD /* EmployeeListVC.swift */,
				F4BC8C142BA4940900C542DD /* DetailEmployee */,
				F4BC8BEF2B969FEF00C542DD /* EmployeeTableViewCell.swift */,
				F4BC8BFF2B9F15FF00C542DD /* EmployeeHorizontalCategoriesCollectionViewCell.swift */,
				F4BC8C052BA0826200C542DD /* EmployeeFiltersModalVC.swift */,
				F45462272BA5912700D433F2 /* EmployeeErrorLoadView.swift */,
			);
			path = Views;
			sourceTree = "<group>";
		};
		F4BC8BE92B965B1A00C542DD /* Managers */ = {
			isa = PBXGroup;
			children = (
				F4BC8BEA2B965B6300C542DD /* APIManager.swift */,
			);
			path = Managers;
			sourceTree = "<group>";
		};
		F4BC8C072BA1A32300C542DD /* Extensions */ = {
			isa = PBXGroup;
			children = (
				F4BC8C082BA1A34D00C542DD /* UIImage.swift */,
				F4BC8C1B2BA49E2D00C542DD /* DateFormat.swift */,
			);
			path = Extensions;
			sourceTree = "<group>";
		};
		F4BC8C142BA4940900C542DD /* DetailEmployee */ = {
			isa = PBXGroup;
			children = (
				F4BC8C122BA4933700C542DD /* EmployeeDetailVC.swift */,
				F4BC8C152BA4944800C542DD /* EmployeeProfileView.swift */,
				F4BC8C172BA4947C00C542DD /* EmployeeDateOfBirthView.swift */,
				F4BC8C192BA494AA00C542DD /* EmployeePhoneNumberView.swift */,
			);
			path = DetailEmployee;
			sourceTree = "<group>";
		};
/* End PBXGroup section */

/* Begin PBXNativeTarget section */
		F4BC8BC22B964DBC00C542DD /* TestAppForJob */ = {
			isa = PBXNativeTarget;
			buildConfigurationList = F4BC8BD72B964DBF00C542DD /* Build configuration list for PBXNativeTarget "TestAppForJob" */;
			buildPhases = (
				F4BC8BBF2B964DBC00C542DD /* Sources */,
				F4BC8BC02B964DBC00C542DD /* Frameworks */,
				F4BC8BC12B964DBC00C542DD /* Resources */,
			);
			buildRules = (
			);
			dependencies = (
			);
			name = TestAppForJob;
			packageProductDependencies = (
				F4BC8BE72B96586900C542DD /* SnapKit */,
				F4BC8BED2B96982000C542DD /* Kingfisher */,
			);
			productName = TestAppForJob;
			productReference = F4BC8BC32B964DBC00C542DD /* TestAppForJob.app */;
			productType = "com.apple.product-type.application";
		};
/* End PBXNativeTarget section */

/* Begin PBXProject section */
		F4BC8BBB2B964DBB00C542DD /* Project object */ = {
			isa = PBXProject;
			attributes = {
				BuildIndependentTargetsInParallel = 1;
				LastSwiftUpdateCheck = 1500;
				LastUpgradeCheck = 1500;
				TargetAttributes = {
					F4BC8BC22B964DBC00C542DD = {
						CreatedOnToolsVersion = 15.0;
					};
				};
			};
			buildConfigurationList = F4BC8BBE2B964DBB00C542DD /* Build configuration list for PBXProject "TestAppForJob" */;
			compatibilityVersion = "Xcode 14.0";
			developmentRegion = en;
			hasScannedForEncodings = 0;
			knownRegions = (
				en,
				Base,
			);
			mainGroup = F4BC8BBA2B964DBB00C542DD;
			packageReferences = (
				F4BC8BE62B96586900C542DD /* XCRemoteSwiftPackageReference "SnapKit" */,
				F4BC8BEC2B96982000C542DD /* XCRemoteSwiftPackageReference "Kingfisher" */,
			);
			productRefGroup = F4BC8BC42B964DBC00C542DD /* Products */;
			projectDirPath = "";
			projectRoot = "";
			targets = (
				F4BC8BC22B964DBC00C542DD /* TestAppForJob */,
			);
		};
/* End PBXProject section */

/* Begin PBXResourcesBuildPhase section */
		F4BC8BC12B964DBC00C542DD /* Resources */ = {
			isa = PBXResourcesBuildPhase;
			buildActionMask = 2147483647;
			files = (
				F4BC8BD32B964DBF00C542DD /* LaunchScreen.storyboard in Resources */,
				F4BC8BD02B964DBF00C542DD /* Assets.xcassets in Resources */,
			);
			runOnlyForDeploymentPostprocessing = 0;
		};
/* End PBXResourcesBuildPhase section */

/* Begin PBXSourcesBuildPhase section */
		F4BC8BBF2B964DBC00C542DD /* Sources */ = {
			isa = PBXSourcesBuildPhase;
			buildActionMask = 2147483647;
			files = (
				F4BC8C132BA4933700C542DD /* EmployeeDetailVC.swift in Sources */,
				F4BC8BE12B9650E900C542DD /* EmployeesResponse.swift in Sources */,
				F4BC8BF02B969FEF00C542DD /* EmployeeTableViewCell.swift in Sources */,
				F4BC8C022BA068D100C542DD /* EmployeeTableViewCellViewModel.swift in Sources */,
				F4BC8C182BA4947C00C542DD /* EmployeeDateOfBirthView.swift in Sources */,
				F4BC8C1C2BA49E2E00C542DD /* DateFormat.swift in Sources */,
				F4BC8C1A2BA494AA00C542DD /* EmployeePhoneNumberView.swift in Sources */,
				F4BC8C002B9F15FF00C542DD /* EmployeeHorizontalCategoriesCollectionViewCell.swift in Sources */,
				F4BC8C0B2BA2583000C542DD /* EmployeeFiltersModalViewModel.swift in Sources */,
				F4BC8BC72B964DBC00C542DD /* AppDelegate.swift in Sources */,
				F4BC8C062BA0826200C542DD /* EmployeeFiltersModalVC.swift in Sources */,
				F4BC8BE32B96515200C542DD /* EmployeeListVC.swift in Sources */,
				F4BC8BDF2B9650B500C542DD /* Employee.swift in Sources */,
				F4BC8BC92B964DBC00C542DD /* SceneDelegate.swift in Sources */,
				F4BC8C162BA4944800C542DD /* EmployeeProfileView.swift in Sources */,
				F45462282BA5912700D433F2 /* EmployeeErrorLoadView.swift in Sources */,
				F4BC8BF22B972C6600C542DD /* EmployeeListViewModel.swift in Sources */,
				F4BC8C092BA1A34D00C542DD /* UIImage.swift in Sources */,
				F4BC8C042BA06E4900C542DD /* EmployeeHorizontalCategoriesCellViewModel.swift in Sources */,
				F4BC8BEB2B965B6300C542DD /* APIManager.swift in Sources */,
			);
			runOnlyForDeploymentPostprocessing = 0;
		};
/* End PBXSourcesBuildPhase section */

/* Begin PBXVariantGroup section */
		F4BC8BD12B964DBF00C542DD /* LaunchScreen.storyboard */ = {
			isa = PBXVariantGroup;
			children = (
				F4BC8BD22B964DBF00C542DD /* Base */,
			);
			name = LaunchScreen.storyboard;
			sourceTree = "<group>";
		};
/* End PBXVariantGroup section */

/* Begin XCBuildConfiguration section */
		F4BC8BD52B964DBF00C542DD /* Debug */ = {
			isa = XCBuildConfiguration;
			buildSettings = {
				ALWAYS_SEARCH_USER_PATHS = NO;
				ASSETCATALOG_COMPILER_GENERATE_SWIFT_ASSET_SYMBOL_EXTENSIONS = YES;
				CLANG_ANALYZER_NONNULL = YES;
				CLANG_ANALYZER_NUMBER_OBJECT_CONVERSION = YES_AGGRESSIVE;
				CLANG_CXX_LANGUAGE_STANDARD = "gnu++20";
				CLANG_ENABLE_MODULES = YES;
				CLANG_ENABLE_OBJC_ARC = YES;
				CLANG_ENABLE_OBJC_WEAK = YES;
				CLANG_WARN_BLOCK_CAPTURE_AUTORELEASING = YES;
				CLANG_WARN_BOOL_CONVERSION = YES;
				CLANG_WARN_COMMA = YES;
				CLANG_WARN_CONSTANT_CONVERSION = YES;
				CLANG_WARN_DEPRECATED_OBJC_IMPLEMENTATIONS = YES;
				CLANG_WARN_DIRECT_OBJC_ISA_USAGE = YES_ERROR;
				CLANG_WARN_DOCUMENTATION_COMMENTS = YES;
				CLANG_WARN_EMPTY_BODY = YES;
				CLANG_WARN_ENUM_CONVERSION = YES;
				CLANG_WARN_INFINITE_RECURSION = YES;
				CLANG_WARN_INT_CONVERSION = YES;
				CLANG_WARN_NON_LITERAL_NULL_CONVERSION = YES;
				CLANG_WARN_OBJC_IMPLICIT_RETAIN_SELF = YES;
				CLANG_WARN_OBJC_LITERAL_CONVERSION = YES;
				CLANG_WARN_OBJC_ROOT_CLASS = YES_ERROR;
				CLANG_WARN_QUOTED_INCLUDE_IN_FRAMEWORK_HEADER = YES;
				CLANG_WARN_RANGE_LOOP_ANALYSIS = YES;
				CLANG_WARN_STRICT_PROTOTYPES = YES;
				CLANG_WARN_SUSPICIOUS_MOVE = YES;
				CLANG_WARN_UNGUARDED_AVAILABILITY = YES_AGGRESSIVE;
				CLANG_WARN_UNREACHABLE_CODE = YES;
				CLANG_WARN__DUPLICATE_METHOD_MATCH = YES;
				COPY_PHASE_STRIP = NO;
				DEBUG_INFORMATION_FORMAT = dwarf;
				ENABLE_STRICT_OBJC_MSGSEND = YES;
				ENABLE_TESTABILITY = YES;
				ENABLE_USER_SCRIPT_SANDBOXING = YES;
				GCC_C_LANGUAGE_STANDARD = gnu17;
				GCC_DYNAMIC_NO_PIC = NO;
				GCC_NO_COMMON_BLOCKS = YES;
				GCC_OPTIMIZATION_LEVEL = 0;
				GCC_PREPROCESSOR_DEFINITIONS = (
					"DEBUG=1",
					"$(inherited)",
				);
				GCC_WARN_64_TO_32_BIT_CONVERSION = YES;
				GCC_WARN_ABOUT_RETURN_TYPE = YES_ERROR;
				GCC_WARN_UNDECLARED_SELECTOR = YES;
				GCC_WARN_UNINITIALIZED_AUTOS = YES_AGGRESSIVE;
				GCC_WARN_UNUSED_FUNCTION = YES;
				GCC_WARN_UNUSED_VARIABLE = YES;
				IPHONEOS_DEPLOYMENT_TARGET = 15.0;
				LOCALIZATION_PREFERS_STRING_CATALOGS = YES;
				MTL_ENABLE_DEBUG_INFO = INCLUDE_SOURCE;
				MTL_FAST_MATH = YES;
				ONLY_ACTIVE_ARCH = YES;
				SDKROOT = iphoneos;
				SWIFT_ACTIVE_COMPILATION_CONDITIONS = "DEBUG $(inherited)";
				SWIFT_OPTIMIZATION_LEVEL = "-Onone";
			};
			name = Debug;
		};
		F4BC8BD62B964DBF00C542DD /* Release */ = {
			isa = XCBuildConfiguration;
			buildSettings = {
				ALWAYS_SEARCH_USER_PATHS = NO;
				ASSETCATALOG_COMPILER_GENERATE_SWIFT_ASSET_SYMBOL_EXTENSIONS = YES;
				CLANG_ANALYZER_NONNULL = YES;
				CLANG_ANALYZER_NUMBER_OBJECT_CONVERSION = YES_AGGRESSIVE;
				CLANG_CXX_LANGUAGE_STANDARD = "gnu++20";
				CLANG_ENABLE_MODULES = YES;
				CLANG_ENABLE_OBJC_ARC = YES;
				CLANG_ENABLE_OBJC_WEAK = YES;
				CLANG_WARN_BLOCK_CAPTURE_AUTORELEASING = YES;
				CLANG_WARN_BOOL_CONVERSION = YES;
				CLANG_WARN_COMMA = YES;
				CLANG_WARN_CONSTANT_CONVERSION = YES;
				CLANG_WARN_DEPRECATED_OBJC_IMPLEMENTATIONS = YES;
				CLANG_WARN_DIRECT_OBJC_ISA_USAGE = YES_ERROR;
				CLANG_WARN_DOCUMENTATION_COMMENTS = YES;
				CLANG_WARN_EMPTY_BODY = YES;
				CLANG_WARN_ENUM_CONVERSION = YES;
				CLANG_WARN_INFINITE_RECURSION = YES;
				CLANG_WARN_INT_CONVERSION = YES;
				CLANG_WARN_NON_LITERAL_NULL_CONVERSION = YES;
				CLANG_WARN_OBJC_IMPLICIT_RETAIN_SELF = YES;
				CLANG_WARN_OBJC_LITERAL_CONVERSION = YES;
				CLANG_WARN_OBJC_ROOT_CLASS = YES_ERROR;
				CLANG_WARN_QUOTED_INCLUDE_IN_FRAMEWORK_HEADER = YES;
				CLANG_WARN_RANGE_LOOP_ANALYSIS = YES;
				CLANG_WARN_STRICT_PROTOTYPES = YES;
				CLANG_WARN_SUSPICIOUS_MOVE = YES;
				CLANG_WARN_UNGUARDED_AVAILABILITY = YES_AGGRESSIVE;
				CLANG_WARN_UNREACHABLE_CODE = YES;
				CLANG_WARN__DUPLICATE_METHOD_MATCH = YES;
				COPY_PHASE_STRIP = NO;
				DEBUG_INFORMATION_FORMAT = "dwarf-with-dsym";
				ENABLE_NS_ASSERTIONS = NO;
				ENABLE_STRICT_OBJC_MSGSEND = YES;
				ENABLE_USER_SCRIPT_SANDBOXING = YES;
				GCC_C_LANGUAGE_STANDARD = gnu17;
				GCC_NO_COMMON_BLOCKS = YES;
				GCC_WARN_64_TO_32_BIT_CONVERSION = YES;
				GCC_WARN_ABOUT_RETURN_TYPE = YES_ERROR;
				GCC_WARN_UNDECLARED_SELECTOR = YES;
				GCC_WARN_UNINITIALIZED_AUTOS = YES_AGGRESSIVE;
				GCC_WARN_UNUSED_FUNCTION = YES;
				GCC_WARN_UNUSED_VARIABLE = YES;
				IPHONEOS_DEPLOYMENT_TARGET = 15.0;
				LOCALIZATION_PREFERS_STRING_CATALOGS = YES;
				MTL_ENABLE_DEBUG_INFO = NO;
				MTL_FAST_MATH = YES;
				SDKROOT = iphoneos;
				SWIFT_COMPILATION_MODE = wholemodule;
				VALIDATE_PRODUCT = YES;
			};
			name = Release;
		};
		F4BC8BD82B964DBF00C542DD /* Debug */ = {
			isa = XCBuildConfiguration;
			buildSettings = {
				ASSETCATALOG_COMPILER_APPICON_NAME = AppIcon;
				ASSETCATALOG_COMPILER_GLOBAL_ACCENT_COLOR_NAME = AccentColor;
				CODE_SIGN_STYLE = Automatic;
				CURRENT_PROJECT_VERSION = 1;
				DEVELOPMENT_TEAM = 94FVSLY3WZ;
				GENERATE_INFOPLIST_FILE = YES;
				INFOPLIST_FILE = TestAppForJob/Info.plist;
				INFOPLIST_KEY_UIApplicationSupportsIndirectInputEvents = YES;
				INFOPLIST_KEY_UILaunchStoryboardName = LaunchScreen;
				INFOPLIST_KEY_UISupportedInterfaceOrientations_iPad = "UIInterfaceOrientationPortrait UIInterfaceOrientationPortraitUpsideDown UIInterfaceOrientationLandscapeLeft UIInterfaceOrientationLandscapeRight";
				INFOPLIST_KEY_UISupportedInterfaceOrientations_iPhone = "UIInterfaceOrientationPortrait UIInterfaceOrientationLandscapeLeft UIInterfaceOrientationLandscapeRight";
				LD_RUNPATH_SEARCH_PATHS = (
					"$(inherited)",
					"@executable_path/Frameworks",
				);
				MARKETING_VERSION = 1.0;
				PRODUCT_BUNDLE_IDENTIFIER = by.sanches.TestAppForJob;
				PRODUCT_NAME = "$(TARGET_NAME)";
				SWIFT_EMIT_LOC_STRINGS = YES;
				SWIFT_VERSION = 5.0;
				TARGETED_DEVICE_FAMILY = "1,2";
			};
			name = Debug;
		};
		F4BC8BD92B964DBF00C542DD /* Release */ = {
			isa = XCBuildConfiguration;
			buildSettings = {
				ASSETCATALOG_COMPILER_APPICON_NAME = AppIcon;
				ASSETCATALOG_COMPILER_GLOBAL_ACCENT_COLOR_NAME = AccentColor;
				CODE_SIGN_STYLE = Automatic;
				CURRENT_PROJECT_VERSION = 1;
				DEVELOPMENT_TEAM = 94FVSLY3WZ;
				GENERATE_INFOPLIST_FILE = YES;
				INFOPLIST_FILE = TestAppForJob/Info.plist;
				INFOPLIST_KEY_UIApplicationSupportsIndirectInputEvents = YES;
				INFOPLIST_KEY_UILaunchStoryboardName = LaunchScreen;
				INFOPLIST_KEY_UISupportedInterfaceOrientations_iPad = "UIInterfaceOrientationPortrait UIInterfaceOrientationPortraitUpsideDown UIInterfaceOrientationLandscapeLeft UIInterfaceOrientationLandscapeRight";
				INFOPLIST_KEY_UISupportedInterfaceOrientations_iPhone = "UIInterfaceOrientationPortrait UIInterfaceOrientationLandscapeLeft UIInterfaceOrientationLandscapeRight";
				LD_RUNPATH_SEARCH_PATHS = (
					"$(inherited)",
					"@executable_path/Frameworks",
				);
				MARKETING_VERSION = 1.0;
				PRODUCT_BUNDLE_IDENTIFIER = by.sanches.TestAppForJob;
				PRODUCT_NAME = "$(TARGET_NAME)";
				SWIFT_EMIT_LOC_STRINGS = YES;
				SWIFT_VERSION = 5.0;
				TARGETED_DEVICE_FAMILY = "1,2";
			};
			name = Release;
		};
/* End XCBuildConfiguration section */

/* Begin XCConfigurationList section */
		F4BC8BBE2B964DBB00C542DD /* Build configuration list for PBXProject "TestAppForJob" */ = {
			isa = XCConfigurationList;
			buildConfigurations = (
				F4BC8BD52B964DBF00C542DD /* Debug */,
				F4BC8BD62B964DBF00C542DD /* Release */,
			);
			defaultConfigurationIsVisible = 0;
			defaultConfigurationName = Release;
		};
		F4BC8BD72B964DBF00C542DD /* Build configuration list for PBXNativeTarget "TestAppForJob" */ = {
			isa = XCConfigurationList;
			buildConfigurations = (
				F4BC8BD82B964DBF00C542DD /* Debug */,
				F4BC8BD92B964DBF00C542DD /* Release */,
			);
			defaultConfigurationIsVisible = 0;
			defaultConfigurationName = Release;
		};
/* End XCConfigurationList section */

/* Begin XCRemoteSwiftPackageReference section */
		F4BC8BE62B96586900C542DD /* XCRemoteSwiftPackageReference "SnapKit" */ = {
			isa = XCRemoteSwiftPackageReference;
			repositoryURL = "https://github.com/SnapKit/SnapKit.git";
			requirement = {
				kind = upToNextMajorVersion;
				minimumVersion = 5.7.1;
			};
		};
		F4BC8BEC2B96982000C542DD /* XCRemoteSwiftPackageReference "Kingfisher" */ = {
			isa = XCRemoteSwiftPackageReference;
			repositoryURL = "https://github.com/onevcat/Kingfisher.git";
			requirement = {
				kind = upToNextMajorVersion;
				minimumVersion = 7.11.0;
			};
		};
/* End XCRemoteSwiftPackageReference section */

/* Begin XCSwiftPackageProductDependency section */
		F4BC8BE72B96586900C542DD /* SnapKit */ = {
			isa = XCSwiftPackageProductDependency;
			package = F4BC8BE62B96586900C542DD /* XCRemoteSwiftPackageReference "SnapKit" */;
			productName = SnapKit;
		};
		F4BC8BED2B96982000C542DD /* Kingfisher */ = {
			isa = XCSwiftPackageProductDependency;
			package = F4BC8BEC2B96982000C542DD /* XCRemoteSwiftPackageReference "Kingfisher" */;
			productName = Kingfisher;
		};
/* End XCSwiftPackageProductDependency section */
	};
	rootObject = F4BC8BBB2B964DBB00C542DD /* Project object */;
}
